
Microsoft Visual Studio Solution File, Format Version 12.00
# Visual Studio Version 16
VisualStudioVersion = 16.0.33130.400
MinimumVisualStudioVersion = 10.0.40219.1
Project("{9A19103F-16F7-4668-BE54-9A1E7A4F7556}") = "WorkerService", "..\WorkerService\WorkerService.csproj", "{AA145B27-BAFC-40C2-A6F2-C4AB26D4D8FD}"
EndProject
Project("{9A19103F-16F7-4668-BE54-9A1E7A4F7556}") = "CommonLibrary", "..\CommonLibrary\CommonLibrary.csproj", "{31D249C5-0F06-41A3-88C0-BEA71B650781}"
EndProject
Project("{9A19103F-16F7-4668-BE54-9A1E7A4F7556}") = "BarcodeLib", "..\BarcodeLib\BarcodeLib.csproj", "{362AC318-FD65-45CC-BD80-0F6E49EEFD6A}"
EndProject
Project("{9A19103F-16F7-4668-BE54-9A1E7A4F7556}") = "BarcodePrint", "..\BarcodePrint\BarcodePrint.csproj", "{64561DD9-457C-48D5-B807-CDFBC3F4F255}"
	ProjectSection(ProjectDependencies) = postProject
		{362AC318-FD65-45CC-BD80-0F6E49EEFD6A} = {362AC318-FD65-45CC-BD80-0F6E49EEFD6A}
	EndProjectSection
EndProject
Project("{FAE04EC0-301F-11D3-BF4B-00C04F79EFBC}") = "QrCodePrint", "..\QrCodePrint\QrCodePrint.csproj", "{70067519-AD62-4358-9324-66F37C134D76}"
EndProject
Global
	GlobalSection(SolutionConfigurationPlatforms) = preSolution
		Debug|Any CPU = Debug|Any CPU
		Release|Any CPU = Release|Any CPU
	EndGlobalSection
	GlobalSection(ProjectConfigurationPlatforms) = postSolution
		{AA145B27-BAFC-40C2-A6F2-C4AB26D4D8FD}.Debug|Any CPU.ActiveCfg = Debug|Any CPU
		{AA145B27-BAFC-40C2-A6F2-C4AB26D4D8FD}.Debug|Any CPU.Build.0 = Debug|Any CPU
		{AA145B27-BAFC-40C2-A6F2-C4AB26D4D8FD}.Release|Any CPU.ActiveCfg = Release|Any CPU
		{AA145B27-BAFC-40C2-A6F2-C4AB26D4D8FD}.Release|Any CPU.Build.0 = Release|Any CPU
		{31D249C5-0F06-41A3-88C0-BEA71B650781}.Debug|Any CPU.ActiveCfg = Debug|Any CPU
		{31D249C5-0F06-41A3-88C0-BEA71B650781}.Debug|Any CPU.Build.0 = Debug|Any CPU
		{31D249C5-0F06-41A3-88C0-BEA71B650781}.Release|Any CPU.ActiveCfg = Release|Any CPU
		{31D249C5-0F06-41A3-88C0-BEA71B650781}.Release|Any CPU.Build.0 = Release|Any CPU
		{362AC318-FD65-45CC-BD80-0F6E49EEFD6A}.Debug|Any CPU.ActiveCfg = Debug|Any CPU
		{362AC318-FD65-45CC-BD80-0F6E49EEFD6A}.Debug|Any CPU.Build.0 = Debug|Any CPU
		{362AC318-FD65-45CC-BD80-0F6E49EEFD6A}.Release|Any CPU.ActiveCfg = Release|Any CPU
		{362AC318-FD65-45CC-BD80-0F6E49EEFD6A}.Release|Any CPU.Build.0 = Release|Any CPU
		{64561DD9-457C-48D5-B807-CDFBC3F4F255}.Debug|Any CPU.ActiveCfg = Debug|Any CPU
		{64561DD9-457C-48D5-B807-CDFBC3F4F255}.Debug|Any CPU.Build.0 = Debug|Any CPU
		{64561DD9-457C-48D5-B807-CDFBC3F4F255}.Release|Any CPU.ActiveCfg = Release|Any CPU
		{64561DD9-457C-48D5-B807-CDFBC3F4F255}.Release|Any CPU.Build.0 = Release|Any CPU
		{70067519-AD62-4358-9324-66F37C134D76}.Debug|Any CPU.ActiveCfg = Debug|Any CPU
		{70067519-AD62-4358-9324-66F37C134D76}.Debug|Any CPU.Build.0 = Debug|Any CPU
		{70067519-AD62-4358-9324-66F37C134D76}.Release|Any CPU.ActiveCfg = Release|Any CPU
		{70067519-AD62-4358-9324-66F37C134D76}.Release|Any CPU.Build.0 = Release|Any CPU
	EndGlobalSection
	GlobalSection(SolutionProperties) = preSolution
		HideSolutionNode = FALSE
	EndGlobalSection
	GlobalSection(ExtensibilityGlobals) = postSolution
		SolutionGuid = {1ABB4D85-DF67-4C8B-88BD-5A45BBF02EEC}
	EndGlobalSection
EndGlobal
